// !$*UTF8*$!
{
	archiveVersion = 1;
	classes = {
	};
	objectVersion = 50;
	objects = {

/* Begin PBXBuildFile section */
		AF389C1326B73E230069B4B5 /* CollectionExtensions.swift in Sources */ = {isa = PBXBuildFile; fileRef = AF389C1226B73E230069B4B5 /* CollectionExtensions.swift */; };
		AF80AABA26B31980005479EC /* QuizData.swift in Sources */ = {isa = PBXBuildFile; fileRef = AF80AAB926B31980005479EC /* QuizData.swift */; };
		AF80AABC26B31EB6005479EC /* GameManager.swift in Sources */ = {isa = PBXBuildFile; fileRef = AF80AABB26B31EB6005479EC /* GameManager.swift */; };
		AF80AAC126B32C95005479EC /* UIViewExtensions.swift in Sources */ = {isa = PBXBuildFile; fileRef = AF80AAC026B32C95005479EC /* UIViewExtensions.swift */; };
		AF80AAC426B32CFA005479EC /* Enums.swift in Sources */ = {isa = PBXBuildFile; fileRef = AF80AAC326B32CFA005479EC /* Enums.swift */; };
		AFB0CB7F26B1CB1F00F57E89 /* AppDelegate.swift in Sources */ = {isa = PBXBuildFile; fileRef = AFB0CB7E26B1CB1F00F57E89 /* AppDelegate.swift */; };
		AFB0CB8326B1CB1F00F57E89 /* Actions.sks in Resources */ = {isa = PBXBuildFile; fileRef = AFB0CB8226B1CB1F00F57E89 /* Actions.sks */; };
		AFB0CB8A26B1CB1F00F57E89 /* Main.storyboard in Resources */ = {isa = PBXBuildFile; fileRef = AFB0CB8826B1CB1F00F57E89 /* Main.storyboard */; };
		AFB0CB8C26B1CB2000F57E89 /* Assets.xcassets in Resources */ = {isa = PBXBuildFile; fileRef = AFB0CB8B26B1CB2000F57E89 /* Assets.xcassets */; };
		AFB0CB9B26B1E1E800F57E89 /* QuizViewController.swift in Sources */ = {isa = PBXBuildFile; fileRef = AFB0CB9A26B1E1E800F57E89 /* QuizViewController.swift */; };
		AFB0CBA426B1F2CB00F57E89 /* AnswerCollectionViewCell.swift in Sources */ = {isa = PBXBuildFile; fileRef = AFB0CBA326B1F2CB00F57E89 /* AnswerCollectionViewCell.swift */; };
		AFB0CBA926B1F6E500F57E89 /* QuestionCollectionReusableView.swift in Sources */ = {isa = PBXBuildFile; fileRef = AFB0CBA826B1F6E500F57E89 /* QuestionCollectionReusableView.swift */; };
/* End PBXBuildFile section */

/* Begin PBXFileReference section */
		AF389C1226B73E230069B4B5 /* CollectionExtensions.swift */ = {isa = PBXFileReference; lastKnownFileType = sourcecode.swift; path = CollectionExtensions.swift; sourceTree = "<group>"; };
		AF80AAB926B31980005479EC /* QuizData.swift */ = {isa = PBXFileReference; lastKnownFileType = sourcecode.swift; path = QuizData.swift; sourceTree = "<group>"; };
		AF80AABB26B31EB6005479EC /* GameManager.swift */ = {isa = PBXFileReference; lastKnownFileType = sourcecode.swift; path = GameManager.swift; sourceTree = "<group>"; };
		AF80AAC026B32C95005479EC /* UIViewExtensions.swift */ = {isa = PBXFileReference; lastKnownFileType = sourcecode.swift; path = UIViewExtensions.swift; sourceTree = "<group>"; };
		AF80AAC326B32CFA005479EC /* Enums.swift */ = {isa = PBXFileReference; lastKnownFileType = sourcecode.swift; path = Enums.swift; sourceTree = "<group>"; };
		AFB0CB7B26B1CB1F00F57E89 /* TimesUpQuiz.app */ = {isa = PBXFileReference; explicitFileType = wrapper.application; includeInIndex = 0; path = TimesUpQuiz.app; sourceTree = BUILT_PRODUCTS_DIR; };
		AFB0CB7E26B1CB1F00F57E89 /* AppDelegate.swift */ = {isa = PBXFileReference; lastKnownFileType = sourcecode.swift; path = AppDelegate.swift; sourceTree = "<group>"; };
		AFB0CB8226B1CB1F00F57E89 /* Actions.sks */ = {isa = PBXFileReference; lastKnownFileType = file.sks; path = Actions.sks; sourceTree = "<group>"; };
		AFB0CB8926B1CB1F00F57E89 /* Base */ = {isa = PBXFileReference; lastKnownFileType = file.storyboard; name = Base; path = Base.lproj/Main.storyboard; sourceTree = "<group>"; };
		AFB0CB8B26B1CB2000F57E89 /* Assets.xcassets */ = {isa = PBXFileReference; lastKnownFileType = folder.assetcatalog; path = Assets.xcassets; sourceTree = "<group>"; };
		AFB0CB8D26B1CB2000F57E89 /* Info.plist */ = {isa = PBXFileReference; lastKnownFileType = text.plist.xml; path = Info.plist; sourceTree = "<group>"; };
		AFB0CB9A26B1E1E800F57E89 /* QuizViewController.swift */ = {isa = PBXFileReference; lastKnownFileType = sourcecode.swift; path = QuizViewController.swift; sourceTree = "<group>"; };
		AFB0CBA326B1F2CB00F57E89 /* AnswerCollectionViewCell.swift */ = {isa = PBXFileReference; lastKnownFileType = sourcecode.swift; path = AnswerCollectionViewCell.swift; sourceTree = "<group>"; };
		AFB0CBA826B1F6E500F57E89 /* QuestionCollectionReusableView.swift */ = {isa = PBXFileReference; lastKnownFileType = sourcecode.swift; path = QuestionCollectionReusableView.swift; sourceTree = "<group>"; };
/* End PBXFileReference section */

/* Begin PBXFrameworksBuildPhase section */
		AFB0CB7826B1CB1F00F57E89 /* Frameworks */ = {
			isa = PBXFrameworksBuildPhase;
			buildActionMask = 2147483647;
			files = (
			);
			runOnlyForDeploymentPostprocessing = 0;
		};
/* End PBXFrameworksBuildPhase section */

/* Begin PBXGroup section */
		AF80AABF26B32C87005479EC /* Extensions */ = {
			isa = PBXGroup;
			children = (
				AF80AAC026B32C95005479EC /* UIViewExtensions.swift */,
				AF389C1226B73E230069B4B5 /* CollectionExtensions.swift */,
			);
			path = Extensions;
			sourceTree = "<group>";
		};
		AF80AAC226B32CE1005479EC /* Enums */ = {
			isa = PBXGroup;
			children = (
				AF80AAC326B32CFA005479EC /* Enums.swift */,
			);
			path = Enums;
			sourceTree = "<group>";
		};
		AFB0CB7226B1CB1F00F57E89 = {
			isa = PBXGroup;
			children = (
				AFB0CB7D26B1CB1F00F57E89 /* TimesUpQuiz */,
				AFB0CB7C26B1CB1F00F57E89 /* Products */,
			);
			sourceTree = "<group>";
		};
		AFB0CB7C26B1CB1F00F57E89 /* Products */ = {
			isa = PBXGroup;
			children = (
				AFB0CB7B26B1CB1F00F57E89 /* TimesUpQuiz.app */,
			);
			name = Products;
			sourceTree = "<group>";
		};
		AFB0CB7D26B1CB1F00F57E89 /* TimesUpQuiz */ = {
			isa = PBXGroup;
			children = (
				AF80AAC226B32CE1005479EC /* Enums */,
				AF80AABF26B32C87005479EC /* Extensions */,
				AFB0CB9326B1CED400F57E89 /* Models */,
				AFB0CB9426B1CEDC00F57E89 /* Views */,
				AFB0CB9526B1CEE200F57E89 /* Controllers */,
				AFB0CB7E26B1CB1F00F57E89 /* AppDelegate.swift */,
				AFB0CB8226B1CB1F00F57E89 /* Actions.sks */,
				AFB0CB8826B1CB1F00F57E89 /* Main.storyboard */,
				AFB0CB8B26B1CB2000F57E89 /* Assets.xcassets */,
				AFB0CB8D26B1CB2000F57E89 /* Info.plist */,
			);
			path = TimesUpQuiz;
			sourceTree = "<group>";
		};
		AFB0CB9326B1CED400F57E89 /* Models */ = {
			isa = PBXGroup;
			children = (
				AF80AAB926B31980005479EC /* QuizData.swift */,
				AF80AABB26B31EB6005479EC /* GameManager.swift */,
			);
			path = Models;
			sourceTree = "<group>";
		};
		AFB0CB9426B1CEDC00F57E89 /* Views */ = {
			isa = PBXGroup;
			children = (
			);
			path = Views;
			sourceTree = "<group>";
		};
		AFB0CB9526B1CEE200F57E89 /* Controllers */ = {
			isa = PBXGroup;
			children = (
				AFB0CBA726B1F40200F57E89 /* CollectionViews */,
				AFB0CBA626B1F3FA00F57E89 /* Views */,
			);
			path = Controllers;
			sourceTree = "<group>";
		};
		AFB0CBA626B1F3FA00F57E89 /* Views */ = {
			isa = PBXGroup;
			children = (
				AFB0CB9A26B1E1E800F57E89 /* QuizViewController.swift */,
			);
			path = Views;
			sourceTree = "<group>";
		};
		AFB0CBA726B1F40200F57E89 /* CollectionViews */ = {
			isa = PBXGroup;
			children = (
				AFB0CBA326B1F2CB00F57E89 /* AnswerCollectionViewCell.swift */,
				AFB0CBA826B1F6E500F57E89 /* QuestionCollectionReusableView.swift */,
			);
			path = CollectionViews;
			sourceTree = "<group>";
		};
/* End PBXGroup section */

/* Begin PBXNativeTarget section */
		AFB0CB7A26B1CB1F00F57E89 /* TimesUpQuiz */ = {
			isa = PBXNativeTarget;
			buildConfigurationList = AFB0CB9026B1CB2000F57E89 /* Build configuration list for PBXNativeTarget "TimesUpQuiz" */;
			buildPhases = (
				AFB0CB7726B1CB1F00F57E89 /* Sources */,
				AFB0CB7826B1CB1F00F57E89 /* Frameworks */,
				AFB0CB7926B1CB1F00F57E89 /* Resources */,
			);
			buildRules = (
			);
			dependencies = (
			);
			name = TimesUpQuiz;
			productName = TimesUpQuiz;
			productReference = AFB0CB7B26B1CB1F00F57E89 /* TimesUpQuiz.app */;
			productType = "com.apple.product-type.application";
		};
/* End PBXNativeTarget section */

/* Begin PBXProject section */
		AFB0CB7326B1CB1F00F57E89 /* Project object */ = {
			isa = PBXProject;
			attributes = {
				LastSwiftUpdateCheck = 1250;
				LastUpgradeCheck = 1250;
				TargetAttributes = {
					AFB0CB7A26B1CB1F00F57E89 = {
						CreatedOnToolsVersion = 12.5.1;
					};
				};
			};
			buildConfigurationList = AFB0CB7626B1CB1F00F57E89 /* Build configuration list for PBXProject "TimesUpQuiz" */;
			compatibilityVersion = "Xcode 9.3";
			developmentRegion = en;
			hasScannedForEncodings = 0;
			knownRegions = (
				en,
				Base,
			);
			mainGroup = AFB0CB7226B1CB1F00F57E89;
			productRefGroup = AFB0CB7C26B1CB1F00F57E89 /* Products */;
			projectDirPath = "";
			projectRoot = "";
			targets = (
				AFB0CB7A26B1CB1F00F57E89 /* TimesUpQuiz */,
			);
		};
/* End PBXProject section */

/* Begin PBXResourcesBuildPhase section */
		AFB0CB7926B1CB1F00F57E89 /* Resources */ = {
			isa = PBXResourcesBuildPhase;
			buildActionMask = 2147483647;
			files = (
				AFB0CB8A26B1CB1F00F57E89 /* Main.storyboard in Resources */,
				AFB0CB8C26B1CB2000F57E89 /* Assets.xcassets in Resources */,
				AFB0CB8326B1CB1F00F57E89 /* Actions.sks in Resources */,
			);
			runOnlyForDeploymentPostprocessing = 0;
		};
/* End PBXResourcesBuildPhase section */

/* Begin PBXSourcesBuildPhase section */
		AFB0CB7726B1CB1F00F57E89 /* Sources */ = {
			isa = PBXSourcesBuildPhase;
			buildActionMask = 2147483647;
			files = (
				AFB0CBA426B1F2CB00F57E89 /* AnswerCollectionViewCell.swift in Sources */,
				AF80AAC126B32C95005479EC /* UIViewExtensions.swift in Sources */,
				AF80AABC26B31EB6005479EC /* GameManager.swift in Sources */,
				AFB0CBA926B1F6E500F57E89 /* QuestionCollectionReusableView.swift in Sources */,
				AF389C1326B73E230069B4B5 /* CollectionExtensions.swift in Sources */,
				AFB0CB9B26B1E1E800F57E89 /* QuizViewController.swift in Sources */,
				AF80AABA26B31980005479EC /* QuizData.swift in Sources */,
				AF80AAC426B32CFA005479EC /* Enums.swift in Sources */,
				AFB0CB7F26B1CB1F00F57E89 /* AppDelegate.swift in Sources */,
			);
			runOnlyForDeploymentPostprocessing = 0;
		};
/* End PBXSourcesBuildPhase section */

/* Begin PBXVariantGroup section */
		AFB0CB8826B1CB1F00F57E89 /* Main.storyboard */ = {
			isa = PBXVariantGroup;
			children = (
				AFB0CB8926B1CB1F00F57E89 /* Base */,
			);
			name = Main.storyboard;
			sourceTree = "<group>";
		};
/* End PBXVariantGroup section */

/* Begin XCBuildConfiguration section */
		AFB0CB8E26B1CB2000F57E89 /* Debug */ = {
			isa = XCBuildConfiguration;
			buildSettings = {
				ALWAYS_SEARCH_USER_PATHS = NO;
				CLANG_ANALYZER_NONNULL = YES;
				CLANG_ANALYZER_NUMBER_OBJECT_CONVERSION = YES_AGGRESSIVE;
				CLANG_CXX_LANGUAGE_STANDARD = "gnu++14";
				CLANG_CXX_LIBRARY = "libc++";
				CLANG_ENABLE_MODULES = YES;
				CLANG_ENABLE_OBJC_ARC = YES;
				CLANG_ENABLE_OBJC_WEAK = YES;
				CLANG_WARN_BLOCK_CAPTURE_AUTORELEASING = YES;
				CLANG_WARN_BOOL_CONVERSION = YES;
				CLANG_WARN_COMMA = YES;
				CLANG_WARN_CONSTANT_CONVERSION = YES;
				CLANG_WARN_DEPRECATED_OBJC_IMPLEMENTATIONS = YES;
				CLANG_WARN_DIRECT_OBJC_ISA_USAGE = YES_ERROR;
				CLANG_WARN_DOCUMENTATION_COMMENTS = YES;
				CLANG_WARN_EMPTY_BODY = YES;
				CLANG_WARN_ENUM_CONVERSION = YES;
				CLANG_WARN_INFINITE_RECURSION = YES;
				CLANG_WARN_INT_CONVERSION = YES;
				CLANG_WARN_NON_LITERAL_NULL_CONVERSION = YES;
				CLANG_WARN_OBJC_IMPLICIT_RETAIN_SELF = YES;
				CLANG_WARN_OBJC_LITERAL_CONVERSION = YES;
				CLANG_WARN_OBJC_ROOT_CLASS = YES_ERROR;
				CLANG_WARN_QUOTED_INCLUDE_IN_FRAMEWORK_HEADER = YES;
				CLANG_WARN_RANGE_LOOP_ANALYSIS = YES;
				CLANG_WARN_STRICT_PROTOTYPES = YES;
				CLANG_WARN_SUSPICIOUS_MOVE = YES;
				CLANG_WARN_UNGUARDED_AVAILABILITY = YES_AGGRESSIVE;
				CLANG_WARN_UNREACHABLE_CODE = YES;
				CLANG_WARN__DUPLICATE_METHOD_MATCH = YES;
				COPY_PHASE_STRIP = NO;
				DEBUG_INFORMATION_FORMAT = dwarf;
				ENABLE_STRICT_OBJC_MSGSEND = YES;
				ENABLE_TESTABILITY = YES;
				GCC_C_LANGUAGE_STANDARD = gnu11;
				GCC_DYNAMIC_NO_PIC = NO;
				GCC_NO_COMMON_BLOCKS = YES;
				GCC_OPTIMIZATION_LEVEL = 0;
				GCC_PREPROCESSOR_DEFINITIONS = (
					"DEBUG=1",
					"$(inherited)",
				);
				GCC_WARN_64_TO_32_BIT_CONVERSION = YES;
				GCC_WARN_ABOUT_RETURN_TYPE = YES_ERROR;
				GCC_WARN_UNDECLARED_SELECTOR = YES;
				GCC_WARN_UNINITIALIZED_AUTOS = YES_AGGRESSIVE;
				GCC_WARN_UNUSED_FUNCTION = YES;
				GCC_WARN_UNUSED_VARIABLE = YES;
				IPHONEOS_DEPLOYMENT_TARGET = 14.5;
				MTL_ENABLE_DEBUG_INFO = INCLUDE_SOURCE;
				MTL_FAST_MATH = YES;
				ONLY_ACTIVE_ARCH = YES;
				SDKROOT = iphoneos;
				SWIFT_ACTIVE_COMPILATION_CONDITIONS = DEBUG;
				SWIFT_OPTIMIZATION_LEVEL = "-Onone";
			};
			name = Debug;
		};
		AFB0CB8F26B1CB2000F57E89 /* Release */ = {
			isa = XCBuildConfiguration;
			buildSettings = {
				ALWAYS_SEARCH_USER_PATHS = NO;
				CLANG_ANALYZER_NONNULL = YES;
				CLANG_ANALYZER_NUMBER_OBJECT_CONVERSION = YES_AGGRESSIVE;
				CLANG_CXX_LANGUAGE_STANDARD = "gnu++14";
				CLANG_CXX_LIBRARY = "libc++";
				CLANG_ENABLE_MODULES = YES;
				CLANG_ENABLE_OBJC_ARC = YES;
				CLANG_ENABLE_OBJC_WEAK = YES;
				CLANG_WARN_BLOCK_CAPTURE_AUTORELEASING = YES;
				CLANG_WARN_BOOL_CONVERSION = YES;
				CLANG_WARN_COMMA = YES;
				CLANG_WARN_CONSTANT_CONVERSION = YES;
				CLANG_WARN_DEPRECATED_OBJC_IMPLEMENTATIONS = YES;
				CLANG_WARN_DIRECT_OBJC_ISA_USAGE = YES_ERROR;
				CLANG_WARN_DOCUMENTATION_COMMENTS = YES;
				CLANG_WARN_EMPTY_BODY = YES;
				CLANG_WARN_ENUM_CONVERSION = YES;
				CLANG_WARN_INFINITE_RECURSION = YES;
				CLANG_WARN_INT_CONVERSION = YES;
				CLANG_WARN_NON_LITERAL_NULL_CONVERSION = YES;
				CLANG_WARN_OBJC_IMPLICIT_RETAIN_SELF = YES;
				CLANG_WARN_OBJC_LITERAL_CONVERSION = YES;
				CLANG_WARN_OBJC_ROOT_CLASS = YES_ERROR;
				CLANG_WARN_QUOTED_INCLUDE_IN_FRAMEWORK_HEADER = YES;
				CLANG_WARN_RANGE_LOOP_ANALYSIS = YES;
				CLANG_WARN_STRICT_PROTOTYPES = YES;
				CLANG_WARN_SUSPICIOUS_MOVE = YES;
				CLANG_WARN_UNGUARDED_AVAILABILITY = YES_AGGRESSIVE;
				CLANG_WARN_UNREACHABLE_CODE = YES;
				CLANG_WARN__DUPLICATE_METHOD_MATCH = YES;
				COPY_PHASE_STRIP = NO;
				DEBUG_INFORMATION_FORMAT = "dwarf-with-dsym";
				ENABLE_NS_ASSERTIONS = NO;
				ENABLE_STRICT_OBJC_MSGSEND = YES;
				GCC_C_LANGUAGE_STANDARD = gnu11;
				GCC_NO_COMMON_BLOCKS = YES;
				GCC_WARN_64_TO_32_BIT_CONVERSION = YES;
				GCC_WARN_ABOUT_RETURN_TYPE = YES_ERROR;
				GCC_WARN_UNDECLARED_SELECTOR = YES;
				GCC_WARN_UNINITIALIZED_AUTOS = YES_AGGRESSIVE;
				GCC_WARN_UNUSED_FUNCTION = YES;
				GCC_WARN_UNUSED_VARIABLE = YES;
				IPHONEOS_DEPLOYMENT_TARGET = 14.5;
				MTL_ENABLE_DEBUG_INFO = NO;
				MTL_FAST_MATH = YES;
				SDKROOT = iphoneos;
				SWIFT_COMPILATION_MODE = wholemodule;
				SWIFT_OPTIMIZATION_LEVEL = "-O";
				VALIDATE_PRODUCT = YES;
			};
			name = Release;
		};
		AFB0CB9126B1CB2000F57E89 /* Debug */ = {
			isa = XCBuildConfiguration;
			buildSettings = {
				ASSETCATALOG_COMPILER_APPICON_NAME = AppIcon;
				ASSETCATALOG_COMPILER_GLOBAL_ACCENT_COLOR_NAME = AccentColor;
				CODE_SIGN_STYLE = Automatic;
				DEVELOPMENT_TEAM = 38NCR48QFB;
				INFOPLIST_FILE = TimesUpQuiz/Info.plist;
				LD_RUNPATH_SEARCH_PATHS = (
					"$(inherited)",
					"@executable_path/Frameworks",
				);
				PRODUCT_BUNDLE_IDENTIFIER = lynakano.TimesUpQuiz;
				PRODUCT_NAME = "$(TARGET_NAME)";
				SWIFT_VERSION = 5.0;
				TARGETED_DEVICE_FAMILY = "1,2";
			};
			name = Debug;
		};
		AFB0CB9226B1CB2000F57E89 /* Release */ = {
			isa = XCBuildConfiguration;
			buildSettings = {
				ASSETCATALOG_COMPILER_APPICON_NAME = AppIcon;
				ASSETCATALOG_COMPILER_GLOBAL_ACCENT_COLOR_NAME = AccentColor;
				CODE_SIGN_STYLE = Automatic;
				DEVELOPMENT_TEAM = 38NCR48QFB;
				INFOPLIST_FILE = TimesUpQuiz/Info.plist;
				LD_RUNPATH_SEARCH_PATHS = (
					"$(inherited)",
					"@executable_path/Frameworks",
				);
				PRODUCT_BUNDLE_IDENTIFIER = lynakano.TimesUpQuiz;
				PRODUCT_NAME = "$(TARGET_NAME)";
				SWIFT_VERSION = 5.0;
				TARGETED_DEVICE_FAMILY = "1,2";
			};
			name = Release;
		};
/* End XCBuildConfiguration section */

/* Begin XCConfigurationList section */
		AFB0CB7626B1CB1F00F57E89 /* Build configuration list for PBXProject "TimesUpQuiz" */ = {
			isa = XCConfigurationList;
			buildConfigurations = (
				AFB0CB8E26B1CB2000F57E89 /* Debug */,
				AFB0CB8F26B1CB2000F57E89 /* Release */,
			);
			defaultConfigurationIsVisible = 0;
			defaultConfigurationName = Release;
		};
		AFB0CB9026B1CB2000F57E89 /* Build configuration list for PBXNativeTarget "TimesUpQuiz" */ = {
			isa = XCConfigurationList;
			buildConfigurations = (
				AFB0CB9126B1CB2000F57E89 /* Debug */,
				AFB0CB9226B1CB2000F57E89 /* Release */,
			);
			defaultConfigurationIsVisible = 0;
			defaultConfigurationName = Release;
		};
/* End XCConfigurationList section */
	};
	rootObject = AFB0CB7326B1CB1F00F57E89 /* Project object */;
}
